
Microsoft Visual Studio Solution File, Format Version 12.00
Project("{FAE04EC0-301F-11D3-BF4B-00C04F79EFBC}") = "GTL.Warehouse.API", "GTL.Warehouse.API\GTL.Warehouse.API.csproj", "{A7A3B76D-E686-4BDB-8237-17E6A4F8FCFD}"
EndProject
Project("{2150E333-8FDC-42A3-9474-1A3956D46DE8}") = "src", "src", "{35E7ADE3-3F26-4D33-A3D1-B4405060B3E8}"
EndProject
Project("{2150E333-8FDC-42A3-9474-1A3956D46DE8}") = "Warehouse", "Warehouse", "{48A5ED18-D4A0-40C7-AE1D-F61E71F51178}"
EndProject
Project("{2150E333-8FDC-42A3-9474-1A3956D46DE8}") = "PaymentService", "PaymentService", "{50C94487-9C7C-4621-8C86-06201D28E793}"
EndProject
Project("{2150E333-8FDC-42A3-9474-1A3956D46DE8}") = "OrderService", "OrderService", "{44C0B476-81D9-4ADA-86E7-79257E94C1B2}"
EndProject
Project("{FAE04EC0-301F-11D3-BF4B-00C04F79EFBC}") = "GTL.OrderService.API", "GTL.OrderService.API\GTL.OrderService.API.csproj", "{C744E93A-9658-4135-8B68-7F995E61C256}"
EndProject
Project("{2150E333-8FDC-42A3-9474-1A3956D46DE8}") = "SearchService", "SearchService", "{DBC9B5C4-8B78-4653-B44F-58C844351383}"
EndProject
Project("{FAE04EC0-301F-11D3-BF4B-00C04F79EFBC}") = "GTL.SearchService.API", "GTL.SearchService.API\GTL.SearchService.API.csproj", "{766A0D16-452B-4F77-90C3-4851672EBDA5}"
EndProject
Project("{2150E333-8FDC-42A3-9474-1A3956D46DE8}") = "CustomerService", "CustomerService", "{B4AD00B1-9877-4B5B-B9A1-FA3B1A38C1BF}"
EndProject
Project("{FAE04EC0-301F-11D3-BF4B-00C04F79EFBC}") = "GTL.PaymentService.API", "GTL.PaymentService.API\GTL.PaymentService.API.csproj", "{DF556B51-0DDA-4631-9825-135347E45632}"
EndProject
Project("{2150E333-8FDC-42A3-9474-1A3956D46DE8}") = "SolutionItems", "SolutionItems", "{DCE4DD56-D572-4A03-91D3-284D6CCE4639}"
	ProjectSection(SolutionItems) = preProject
		.github\workflows\dotnet.yml = .github\workflows\dotnet.yml
		gtl-docker-compose.yml = gtl-docker-compose.yml
		.gitignore = .gitignore
	EndProjectSection
EndProject
Project("{FAE04EC0-301F-11D3-BF4B-00C04F79EFBC}") = "GTL.OrderService.Persistence", "GTL.OrderService.Persistence\GTL.OrderService.Persistence.csproj", "{3F340781-0EE2-4E87-854A-BFC8FE797440}"
EndProject
Project("{2150E333-8FDC-42A3-9474-1A3956D46DE8}") = "Common", "Common", "{E87E56A2-CC84-4FF3-9171-228D0848AB51}"
EndProject
Project("{FAE04EC0-301F-11D3-BF4B-00C04F79EFBC}") = "GTL.Messaging.RabbitMq", "GTL.Messaging.RabbitMq\GTL.Messaging.RabbitMq.csproj", "{8679AF14-4B9D-4DBB-80DA-665769A57551}"
EndProject
Project("{FAE04EC0-301F-11D3-BF4B-00C04F79EFBC}") = "GTL.Customer.API", "GTL.Customer.API\GTL.Customer.API.csproj", "{9A35055C-22B9-4901-A13A-BB49E276B4FC}"
EndProject
Project("{FAE04EC0-301F-11D3-BF4B-00C04F79EFBC}") = "GTL.Customer.Domain", "GTL.Customer.Domain\GTL.Customer.Domain.csproj", "{93BC43BB-EF54-4190-9492-84434AF9DFA9}"
EndProject
Project("{FAE04EC0-301F-11D3-BF4B-00C04F79EFBC}") = "GTL.Application", "GTL.Application\GTL.Application.csproj", "{A5C0DD91-58F4-491B-B40F-DF6ED8B9120D}"
EndProject
Project("{FAE04EC0-301F-11D3-BF4B-00C04F79EFBC}") = "GTL.Domain", "GTL.Domain\GTL.Domain.csproj", "{EBEF1B38-491E-4DDF-B08C-D2731FFEE7B9}"
EndProject
Project("{FAE04EC0-301F-11D3-BF4B-00C04F79EFBC}") = "GTL.Customer.Application", "GTL.Customer.Application\GTL.Customer.Application.csproj", "{61E41854-2EDC-4A30-BF32-8DF0BE8D974E}"
EndProject
Project("{FAE04EC0-301F-11D3-BF4B-00C04F79EFBC}") = "GTL.Customer.Persistence", "GTL.Customer.Persistence\GTL.Customer.Persistence.csproj", "{078A6803-86AA-46F6-BE51-E875E24DC26A}"
EndProject
Global
	GlobalSection(SolutionConfigurationPlatforms) = preSolution
		Debug|Any CPU = Debug|Any CPU
		Release|Any CPU = Release|Any CPU
	EndGlobalSection
	GlobalSection(ProjectConfigurationPlatforms) = postSolution
		{A7A3B76D-E686-4BDB-8237-17E6A4F8FCFD}.Debug|Any CPU.ActiveCfg = Debug|Any CPU
		{A7A3B76D-E686-4BDB-8237-17E6A4F8FCFD}.Debug|Any CPU.Build.0 = Debug|Any CPU
		{A7A3B76D-E686-4BDB-8237-17E6A4F8FCFD}.Release|Any CPU.ActiveCfg = Release|Any CPU
		{A7A3B76D-E686-4BDB-8237-17E6A4F8FCFD}.Release|Any CPU.Build.0 = Release|Any CPU
		{C744E93A-9658-4135-8B68-7F995E61C256}.Debug|Any CPU.ActiveCfg = Debug|Any CPU
		{C744E93A-9658-4135-8B68-7F995E61C256}.Debug|Any CPU.Build.0 = Debug|Any CPU
		{C744E93A-9658-4135-8B68-7F995E61C256}.Release|Any CPU.ActiveCfg = Release|Any CPU
		{C744E93A-9658-4135-8B68-7F995E61C256}.Release|Any CPU.Build.0 = Release|Any CPU
		{766A0D16-452B-4F77-90C3-4851672EBDA5}.Debug|Any CPU.ActiveCfg = Debug|Any CPU
		{766A0D16-452B-4F77-90C3-4851672EBDA5}.Debug|Any CPU.Build.0 = Debug|Any CPU
		{766A0D16-452B-4F77-90C3-4851672EBDA5}.Release|Any CPU.ActiveCfg = Release|Any CPU
		{766A0D16-452B-4F77-90C3-4851672EBDA5}.Release|Any CPU.Build.0 = Release|Any CPU
		{DF556B51-0DDA-4631-9825-135347E45632}.Debug|Any CPU.ActiveCfg = Debug|Any CPU
		{DF556B51-0DDA-4631-9825-135347E45632}.Debug|Any CPU.Build.0 = Debug|Any CPU
		{DF556B51-0DDA-4631-9825-135347E45632}.Release|Any CPU.ActiveCfg = Release|Any CPU
		{DF556B51-0DDA-4631-9825-135347E45632}.Release|Any CPU.Build.0 = Release|Any CPU
		{3F340781-0EE2-4E87-854A-BFC8FE797440}.Debug|Any CPU.ActiveCfg = Debug|Any CPU
		{3F340781-0EE2-4E87-854A-BFC8FE797440}.Debug|Any CPU.Build.0 = Debug|Any CPU
		{3F340781-0EE2-4E87-854A-BFC8FE797440}.Release|Any CPU.ActiveCfg = Release|Any CPU
		{3F340781-0EE2-4E87-854A-BFC8FE797440}.Release|Any CPU.Build.0 = Release|Any CPU
		{8679AF14-4B9D-4DBB-80DA-665769A57551}.Debug|Any CPU.ActiveCfg = Debug|Any CPU
		{8679AF14-4B9D-4DBB-80DA-665769A57551}.Debug|Any CPU.Build.0 = Debug|Any CPU
		{8679AF14-4B9D-4DBB-80DA-665769A57551}.Release|Any CPU.ActiveCfg = Release|Any CPU
		{8679AF14-4B9D-4DBB-80DA-665769A57551}.Release|Any CPU.Build.0 = Release|Any CPU
		{9A35055C-22B9-4901-A13A-BB49E276B4FC}.Debug|Any CPU.ActiveCfg = Debug|Any CPU
		{9A35055C-22B9-4901-A13A-BB49E276B4FC}.Debug|Any CPU.Build.0 = Debug|Any CPU
		{9A35055C-22B9-4901-A13A-BB49E276B4FC}.Release|Any CPU.ActiveCfg = Release|Any CPU
		{9A35055C-22B9-4901-A13A-BB49E276B4FC}.Release|Any CPU.Build.0 = Release|Any CPU
		{93BC43BB-EF54-4190-9492-84434AF9DFA9}.Debug|Any CPU.ActiveCfg = Debug|Any CPU
		{93BC43BB-EF54-4190-9492-84434AF9DFA9}.Debug|Any CPU.Build.0 = Debug|Any CPU
		{93BC43BB-EF54-4190-9492-84434AF9DFA9}.Release|Any CPU.ActiveCfg = Release|Any CPU
		{93BC43BB-EF54-4190-9492-84434AF9DFA9}.Release|Any CPU.Build.0 = Release|Any CPU
		{A5C0DD91-58F4-491B-B40F-DF6ED8B9120D}.Debug|Any CPU.ActiveCfg = Debug|Any CPU
		{A5C0DD91-58F4-491B-B40F-DF6ED8B9120D}.Debug|Any CPU.Build.0 = Debug|Any CPU
		{A5C0DD91-58F4-491B-B40F-DF6ED8B9120D}.Release|Any CPU.ActiveCfg = Release|Any CPU
		{A5C0DD91-58F4-491B-B40F-DF6ED8B9120D}.Release|Any CPU.Build.0 = Release|Any CPU
		{EBEF1B38-491E-4DDF-B08C-D2731FFEE7B9}.Debug|Any CPU.ActiveCfg = Debug|Any CPU
		{EBEF1B38-491E-4DDF-B08C-D2731FFEE7B9}.Debug|Any CPU.Build.0 = Debug|Any CPU
		{EBEF1B38-491E-4DDF-B08C-D2731FFEE7B9}.Release|Any CPU.ActiveCfg = Release|Any CPU
		{EBEF1B38-491E-4DDF-B08C-D2731FFEE7B9}.Release|Any CPU.Build.0 = Release|Any CPU
		{61E41854-2EDC-4A30-BF32-8DF0BE8D974E}.Debug|Any CPU.ActiveCfg = Debug|Any CPU
		{61E41854-2EDC-4A30-BF32-8DF0BE8D974E}.Debug|Any CPU.Build.0 = Debug|Any CPU
		{61E41854-2EDC-4A30-BF32-8DF0BE8D974E}.Release|Any CPU.ActiveCfg = Release|Any CPU
		{61E41854-2EDC-4A30-BF32-8DF0BE8D974E}.Release|Any CPU.Build.0 = Release|Any CPU
		{078A6803-86AA-46F6-BE51-E875E24DC26A}.Debug|Any CPU.ActiveCfg = Debug|Any CPU
		{078A6803-86AA-46F6-BE51-E875E24DC26A}.Debug|Any CPU.Build.0 = Debug|Any CPU
		{078A6803-86AA-46F6-BE51-E875E24DC26A}.Release|Any CPU.ActiveCfg = Release|Any CPU
		{078A6803-86AA-46F6-BE51-E875E24DC26A}.Release|Any CPU.Build.0 = Release|Any CPU
	EndGlobalSection
	GlobalSection(NestedProjects) = preSolution
		{48A5ED18-D4A0-40C7-AE1D-F61E71F51178} = {35E7ADE3-3F26-4D33-A3D1-B4405060B3E8}
		{A7A3B76D-E686-4BDB-8237-17E6A4F8FCFD} = {48A5ED18-D4A0-40C7-AE1D-F61E71F51178}
		{50C94487-9C7C-4621-8C86-06201D28E793} = {35E7ADE3-3F26-4D33-A3D1-B4405060B3E8}
		{44C0B476-81D9-4ADA-86E7-79257E94C1B2} = {35E7ADE3-3F26-4D33-A3D1-B4405060B3E8}
		{C744E93A-9658-4135-8B68-7F995E61C256} = {44C0B476-81D9-4ADA-86E7-79257E94C1B2}
		{DBC9B5C4-8B78-4653-B44F-58C844351383} = {35E7ADE3-3F26-4D33-A3D1-B4405060B3E8}
		{766A0D16-452B-4F77-90C3-4851672EBDA5} = {DBC9B5C4-8B78-4653-B44F-58C844351383}
		{B4AD00B1-9877-4B5B-B9A1-FA3B1A38C1BF} = {35E7ADE3-3F26-4D33-A3D1-B4405060B3E8}
		{DF556B51-0DDA-4631-9825-135347E45632} = {50C94487-9C7C-4621-8C86-06201D28E793}
		{3F340781-0EE2-4E87-854A-BFC8FE797440} = {44C0B476-81D9-4ADA-86E7-79257E94C1B2}
		{E87E56A2-CC84-4FF3-9171-228D0848AB51} = {35E7ADE3-3F26-4D33-A3D1-B4405060B3E8}
		{8679AF14-4B9D-4DBB-80DA-665769A57551} = {E87E56A2-CC84-4FF3-9171-228D0848AB51}
		{9A35055C-22B9-4901-A13A-BB49E276B4FC} = {B4AD00B1-9877-4B5B-B9A1-FA3B1A38C1BF}
		{93BC43BB-EF54-4190-9492-84434AF9DFA9} = {B4AD00B1-9877-4B5B-B9A1-FA3B1A38C1BF}
		{A5C0DD91-58F4-491B-B40F-DF6ED8B9120D} = {E87E56A2-CC84-4FF3-9171-228D0848AB51}
		{EBEF1B38-491E-4DDF-B08C-D2731FFEE7B9} = {E87E56A2-CC84-4FF3-9171-228D0848AB51}
		{61E41854-2EDC-4A30-BF32-8DF0BE8D974E} = {B4AD00B1-9877-4B5B-B9A1-FA3B1A38C1BF}
		{078A6803-86AA-46F6-BE51-E875E24DC26A} = {B4AD00B1-9877-4B5B-B9A1-FA3B1A38C1BF}
	EndGlobalSection
EndGlobal
